
Microsoft Visual Studio Solution File, Format Version 11.00
# Visual Studio 2010
Project("{FAE04EC0-301F-11D3-BF4B-00C04F79EFBC}") = "UnityEngine.TestRunner", "UnityEngine.TestRunner.csproj", "{50B63AEA-CA04-31A4-16F0-819257883FBA}"
EndProject
Project("{FAE04EC0-301F-11D3-BF4B-00C04F79EFBC}") = "UnityEngine.UI", "UnityEngine.UI.csproj", "{22E6297A-2F25-5094-BAC2-3F47C5170B1D}"
EndProject
Project("{FAE04EC0-301F-11D3-BF4B-00C04F79EFBC}") = "Unity.TextMeshPro", "Unity.TextMeshPro.csproj", "{67AC7208-5782-C956-382F-683F48E633E6}"
EndProject
Project("{FAE04EC0-301F-11D3-BF4B-00C04F79EFBC}") = "Unity.Timeline", "Unity.Timeline.csproj", "{C9E6BDFD-9F5B-5DC4-9CB0-71AC3DC2685B}"
EndProject
Project("{FAE04EC0-301F-11D3-BF4B-00C04F79EFBC}") = "Assembly-CSharp", "Assembly-CSharp.csproj", "{7D19DFA5-A7B2-4B79-81E5-88B34F103A6B}"
EndProject
Project("{FAE04EC0-301F-11D3-BF4B-00C04F79EFBC}") = "Unity.TextMeshPro.Editor", "Unity.TextMeshPro.Editor.csproj", "{8113C9AF-9CAE-BE4D-0AAC-2E859B113864}"
EndProject
Project("{FAE04EC0-301F-11D3-BF4B-00C04F79EFBC}") = "Unity.Timeline.Editor", "Unity.Timeline.Editor.csproj", "{A5769E87-1EBD-22EB-A428-79BEAFAA9714}"
EndProject
Project("{FAE04EC0-301F-11D3-BF4B-00C04F79EFBC}") = "UnityEditor.TestRunner", "UnityEditor.TestRunner.csproj", "{E5A8FE12-754F-70A4-7997-B84BD0D7D48D}"
EndProject
Project("{FAE04EC0-301F-11D3-BF4B-00C04F79EFBC}") = "UnityEditor.UI", "UnityEditor.UI.csproj", "{A87B78D6-E17D-5A3C-01E9-5A80C6BD538F}"
EndProject
Project("{FAE04EC0-301F-11D3-BF4B-00C04F79EFBC}") = "Unity.Rider.Editor", "Unity.Rider.Editor.csproj", "{22785A77-3E03-26EE-C50C-0D39375C517D}"
EndProject
Project("{FAE04EC0-301F-11D3-BF4B-00C04F79EFBC}") = "Unity.CollabProxy.Editor", "Unity.CollabProxy.Editor.csproj", "{963DC2FF-A507-1FFF-4C4C-346A23A5A5FE}"
EndProject
Project("{FAE04EC0-301F-11D3-BF4B-00C04F79EFBC}") = "Unity.VSCode.Editor", "Unity.VSCode.Editor.csproj", "{530F8177-DDD7-93B0-CAA6-5933889837FC}"
EndProject
Global
	GlobalSection(SolutionConfigurationPlatforms) = preSolution
		Debug|Any CPU = Debug|Any CPU
		Release|Any CPU = Release|Any CPU
	EndGlobalSection
	GlobalSection(ProjectConfigurationPlatforms) = postSolution
		{50B63AEA-CA04-31A4-16F0-819257883FBA}.Debug|Any CPU.ActiveCfg = Debug|Any CPU
		{50B63AEA-CA04-31A4-16F0-819257883FBA}.Debug|Any CPU.Build.0 = Debug|Any CPU
		{50B63AEA-CA04-31A4-16F0-819257883FBA}.Release|Any CPU.ActiveCfg = Release|Any CPU
		{50B63AEA-CA04-31A4-16F0-819257883FBA}.Release|Any CPU.Build.0 = Release|Any CPU
		{22E6297A-2F25-5094-BAC2-3F47C5170B1D}.Debug|Any CPU.ActiveCfg = Debug|Any CPU
		{22E6297A-2F25-5094-BAC2-3F47C5170B1D}.Debug|Any CPU.Build.0 = Debug|Any CPU
		{22E6297A-2F25-5094-BAC2-3F47C5170B1D}.Release|Any CPU.ActiveCfg = Release|Any CPU
		{22E6297A-2F25-5094-BAC2-3F47C5170B1D}.Release|Any CPU.Build.0 = Release|Any CPU
		{67AC7208-5782-C956-382F-683F48E633E6}.Debug|Any CPU.ActiveCfg = Debug|Any CPU
		{67AC7208-5782-C956-382F-683F48E633E6}.Debug|Any CPU.Build.0 = Debug|Any CPU
		{67AC7208-5782-C956-382F-683F48E633E6}.Release|Any CPU.ActiveCfg = Release|Any CPU
		{67AC7208-5782-C956-382F-683F48E633E6}.Release|Any CPU.Build.0 = Release|Any CPU
		{C9E6BDFD-9F5B-5DC4-9CB0-71AC3DC2685B}.Debug|Any CPU.ActiveCfg = Debug|Any CPU
		{C9E6BDFD-9F5B-5DC4-9CB0-71AC3DC2685B}.Debug|Any CPU.Build.0 = Debug|Any CPU
		{C9E6BDFD-9F5B-5DC4-9CB0-71AC3DC2685B}.Release|Any CPU.ActiveCfg = Release|Any CPU
		{C9E6BDFD-9F5B-5DC4-9CB0-71AC3DC2685B}.Release|Any CPU.Build.0 = Release|Any CPU
		{7D19DFA5-A7B2-4B79-81E5-88B34F103A6B}.Debug|Any CPU.ActiveCfg = Debug|Any CPU
		{7D19DFA5-A7B2-4B79-81E5-88B34F103A6B}.Debug|Any CPU.Build.0 = Debug|Any CPU
		{7D19DFA5-A7B2-4B79-81E5-88B34F103A6B}.Release|Any CPU.ActiveCfg = Release|Any CPU
		{7D19DFA5-A7B2-4B79-81E5-88B34F103A6B}.Release|Any CPU.Build.0 = Release|Any CPU
		{8113C9AF-9CAE-BE4D-0AAC-2E859B113864}.Debug|Any CPU.ActiveCfg = Debug|Any CPU
		{8113C9AF-9CAE-BE4D-0AAC-2E859B113864}.Debug|Any CPU.Build.0 = Debug|Any CPU
		{8113C9AF-9CAE-BE4D-0AAC-2E859B113864}.Release|Any CPU.ActiveCfg = Release|Any CPU
		{8113C9AF-9CAE-BE4D-0AAC-2E859B113864}.Release|Any CPU.Build.0 = Release|Any CPU
		{A5769E87-1EBD-22EB-A428-79BEAFAA9714}.Debug|Any CPU.ActiveCfg = Debug|Any CPU
		{A5769E87-1EBD-22EB-A428-79BEAFAA9714}.Debug|Any CPU.Build.0 = Debug|Any CPU
		{A5769E87-1EBD-22EB-A428-79BEAFAA9714}.Release|Any CPU.ActiveCfg = Release|Any CPU
		{A5769E87-1EBD-22EB-A428-79BEAFAA9714}.Release|Any CPU.Build.0 = Release|Any CPU
		{E5A8FE12-754F-70A4-7997-B84BD0D7D48D}.Debug|Any CPU.ActiveCfg = Debug|Any CPU
		{E5A8FE12-754F-70A4-7997-B84BD0D7D48D}.Debug|Any CPU.Build.0 = Debug|Any CPU
		{E5A8FE12-754F-70A4-7997-B84BD0D7D48D}.Release|Any CPU.ActiveCfg = Release|Any CPU
		{E5A8FE12-754F-70A4-7997-B84BD0D7D48D}.Release|Any CPU.Build.0 = Release|Any CPU
		{A87B78D6-E17D-5A3C-01E9-5A80C6BD538F}.Debug|Any CPU.ActiveCfg = Debug|Any CPU
		{A87B78D6-E17D-5A3C-01E9-5A80C6BD538F}.Debug|Any CPU.Build.0 = Debug|Any CPU
		{A87B78D6-E17D-5A3C-01E9-5A80C6BD538F}.Release|Any CPU.ActiveCfg = Release|Any CPU
		{A87B78D6-E17D-5A3C-01E9-5A80C6BD538F}.Release|Any CPU.Build.0 = Release|Any CPU
		{22785A77-3E03-26EE-C50C-0D39375C517D}.Debug|Any CPU.ActiveCfg = Debug|Any CPU
		{22785A77-3E03-26EE-C50C-0D39375C517D}.Debug|Any CPU.Build.0 = Debug|Any CPU
		{22785A77-3E03-26EE-C50C-0D39375C517D}.Release|Any CPU.ActiveCfg = Release|Any CPU
		{22785A77-3E03-26EE-C50C-0D39375C517D}.Release|Any CPU.Build.0 = Release|Any CPU
		{963DC2FF-A507-1FFF-4C4C-346A23A5A5FE}.Debug|Any CPU.ActiveCfg = Debug|Any CPU
		{963DC2FF-A507-1FFF-4C4C-346A23A5A5FE}.Debug|Any CPU.Build.0 = Debug|Any CPU
		{963DC2FF-A507-1FFF-4C4C-346A23A5A5FE}.Release|Any CPU.ActiveCfg = Release|Any CPU
		{963DC2FF-A507-1FFF-4C4C-346A23A5A5FE}.Release|Any CPU.Build.0 = Release|Any CPU
		{530F8177-DDD7-93B0-CAA6-5933889837FC}.Debug|Any CPU.ActiveCfg = Debug|Any CPU
		{530F8177-DDD7-93B0-CAA6-5933889837FC}.Debug|Any CPU.Build.0 = Debug|Any CPU
		{530F8177-DDD7-93B0-CAA6-5933889837FC}.Release|Any CPU.ActiveCfg = Release|Any CPU
		{530F8177-DDD7-93B0-CAA6-5933889837FC}.Release|Any CPU.Build.0 = Release|Any CPU
	EndGlobalSection
	GlobalSection(SolutionProperties) = preSolution
		HideSolutionNode = FALSE
	EndGlobalSection
EndGlobal
